{
    "name": "woofworks_frontend",
    "version": "1.0.0",
    "lockfileVersion": 2,
    "requires": true,
    "packages": {
      "": {
        "name": "woofworks_frontend",
        "version": "1.0.0",
        "license": "MIT",
        "dependencies": {
          "axios": "^0.24.0",
          "react": "^18.0.0",
          "react-dom": "^18.0.0"
        }
      },
      "node_modules/axios": {
        "version": "0.24.0",
        "resolved": "https://registry.npmjs.org/axios/-/axios-0.24.0.tgz",
        "integrity": "sha512-G8tsMMHZDQV9de2b+W+JrPthHBhM5LrD1oGVp3Sy2YZRtOuOlj4HtYOF/gSR+8wWXBe+oRQRbFMXgnCXkC8SlQ==",
        "engines": {
          "node": ">= 10.0.0"
        }
      },
      "node_modules/react": {
        "version": "18.0.0",
        "resolved": "https://registry.npmjs.org/react/-/react-18.0.0.tgz",
        "integrity": "sha512-fuzfnnBVwbNQ5EPG6QKy22lkZqV5DhYj0O1gtzRSrxLArGt/GoOtzBxT0C2wdZxuCjMlMzOb+T+ka1FXIsE9Rg=="
      }
      
    }
  }
  